
<Project ToolsVersion="4.0" xmlns="http://schemas.microsoft.com/developer/msbuild/2003">
  <ItemGroup>
    <ClCompile Include="source\sceneX.cpp">
      <Filter>scene</Filter>
    </ClCompile>
    <ClCompile Include="source\scene3D.cpp">
      <Filter>scene</Filter>
    </ClCompile>
    <ClCompile Include="source\scene2D.cpp">
      <Filter>scene</Filter>
    </ClCompile>
    <ClCompile Include="source\scene.cpp">
      <Filter>scene</Filter>
    </ClCompile>
    <ClCompile Include="source\ImGui\imgui_widgets.cpp">
      <Filter>ImGui</Filter>
    </ClCompile>
    <ClCompile Include="source\ImGui\imgui_impl_win32.cpp">
      <Filter>ImGui</Filter>
    </ClCompile>
    <ClCompile Include="source\ImGui\imgui_impl_dx9.cpp">
      <Filter>ImGui</Filter>
    </ClCompile>
    <ClCompile Include="source\ImGui\imgui_draw.cpp">
      <Filter>ImGui</Filter>
    </ClCompile>
    <ClCompile Include="source\ImGui\imgui_demo.cpp">
      <Filter>ImGui</Filter>
    </ClCompile>
    <ClCompile Include="source\ImGui\imgui.cpp">
      <Filter>ImGui</Filter>
    </ClCompile>
    <ClCompile Include="source\inputGamepad.cpp">
      <Filter>input</Filter>
    </ClCompile>
    <ClCompile Include="source\inputKeyboard.cpp">
      <Filter>input</Filter>
    </ClCompile>
    <ClCompile Include="source\input.cpp">
      <Filter>input</Filter>
    </ClCompile>
    <ClCompile Include="source\character.cpp">
      <Filter>character</Filter>
    </ClCompile>
    <ClCompile Include="source\charaICHIYAS.cpp">
      <Filter>character</Filter>
    </ClCompile>
    <ClCompile Include="source\charaKURURU.cpp">
      <Filter>character</Filter>
    </ClCompile>
    <ClCompile Include="source\charaNYAS.cpp">
      <Filter>character</Filter>
    </ClCompile>
    <ClCompile Include="source\charaZAVAEL.cpp">
      <Filter>character</Filter>
    </ClCompile>
    <ClCompile Include="source\modelCharacter.cpp">
      <Filter>character</Filter>
    </ClCompile>
    <ClCompile Include="source\modelParts.cpp">
      <Filter>character</Filter>
    </ClCompile>
    <ClCompile Include="source\game.cpp">
      <Filter>mode</Filter>
    </ClCompile>
    <ClCompile Include="source\title.cpp">
      <Filter>mode</Filter>
    </ClCompile>
    <ClCompile Include="source\tutorial.cpp">
      <Filter>mode</Filter>
    </ClCompile>
    <ClCompile Include="source\meshField.cpp">
      <Filter>mesh</Filter>
    </ClCompile>
    <ClCompile Include="source\meshSphere.cpp">
      <Filter>mesh</Filter>
    </ClCompile>
    <ClCompile Include="source\mouse.cpp">
      <Filter>input</Filter>
    </ClCompile>
    <ClCompile Include="source\3DBoxCollider.cpp">
      <Filter>ソースファイル</Filter>
    </ClCompile>
    <ClCompile Include="source\bar.cpp">
      <Filter>ソースファイル</Filter>
    </ClCompile>
    <ClCompile Include="source\camera.cpp">
      <Filter>ソースファイル</Filter>
    </ClCompile>
    <ClCompile Include="source\CylinderCollider.cpp">
      <Filter>ソースファイル</Filter>
    </ClCompile>
    <ClCompile Include="source\debugProc.cpp">
      <Filter>ソースファイル</Filter>
    </ClCompile>
    <ClCompile Include="source\fade.cpp">
      <Filter>ソースファイル</Filter>
    </ClCompile>
    <ClCompile Include="source\hitpoint.cpp">
      <Filter>ソースファイル</Filter>
    </ClCompile>
    <ClCompile Include="source\kananlibrary.cpp">
      <Filter>ソースファイル</Filter>
    </ClCompile>
    <ClCompile Include="source\light.cpp">
      <Filter>ソースファイル</Filter>
    </ClCompile>
    <ClCompile Include="source\main.cpp">
      <Filter>ソースファイル</Filter>
    </ClCompile>
    <ClCompile Include="source\manager.cpp">
      <Filter>ソースファイル</Filter>
    </ClCompile>
    <ClCompile Include="source\motion.cpp">
      <Filter>ソースファイル</Filter>
    </ClCompile>
    <ClCompile Include="source\motionModel.cpp">
      <Filter>ソースファイル</Filter>
    </ClCompile>
    <ClCompile Include="source\Mylibrary.cpp">
      <Filter>ソースファイル</Filter>
    </ClCompile>
    <ClCompile Include="source\number.cpp">
      <Filter>ソースファイル</Filter>
    </ClCompile>
    <ClCompile Include="source\pause.cpp">
      <Filter>ソースファイル</Filter>
    </ClCompile>
    <ClCompile Include="source\player.cpp">
      <Filter>ソースファイル</Filter>
    </ClCompile>
    <ClCompile Include="source\Reflection.cpp">
      <Filter>ソースファイル</Filter>
    </ClCompile>
    <ClCompile Include="source\renderer.cpp">
      <Filter>ソースファイル</Filter>
    </ClCompile>
    <ClCompile Include="source\sound.cpp">
      <Filter>ソースファイル</Filter>
    </ClCompile>
    <ClCompile Include="source\stone.cpp">
      <Filter>ソースファイル</Filter>
    </ClCompile>
    <ClCompile Include="source\time.cpp">
      <Filter>ソースファイル</Filter>
    </ClCompile>
    <ClCompile Include="source\UI.cpp">
      <Filter>ソースファイル</Filter>
    </ClCompile>
    <ClCompile Include="source\wall.cpp">
      <Filter>ソースファイル</Filter>
    </ClCompile>
    <ClCompile Include="source\objManager.cpp">
      <Filter>object</Filter>
    </ClCompile>
    <ClCompile Include="source\object.cpp">
      <Filter>object</Filter>
    </ClCompile>
    <ClCompile Include="source\PolygonCollider.cpp">
      <Filter>ソースファイル</Filter>
    </ClCompile>
    <ClCompile Include="source\result.cpp">
      <Filter>mode</Filter>
    </ClCompile>
    <ClCompile Include="source\UI_KO.cpp">
      <Filter>ソースファイル</Filter>
    </ClCompile>
    <ClCompile Include="source\UI_gameStart.cpp">
      <Filter>ソースファイル</Filter>
    </ClCompile>
    <ClCompile Include="source\polygon2D.cpp">
      <Filter>ソースファイル</Filter>
    </ClCompile>
    <ClCompile Include="source\UI_gameResult.cpp" />
    <ClCompile Include="source\charaParam.cpp">
      <Filter>character</Filter>
    </ClCompile>
    <ClCompile Include="source\CapsuleCollider.cpp">
      <Filter>ソースファイル</Filter>
    </ClCompile>
    <ClCompile Include="source\mapSelect.cpp">
      <Filter>mode</Filter>
    </ClCompile>
    <ClCompile Include="source\3DEffect.cpp" />
  </ItemGroup>
  <ItemGroup>
    <ClInclude Include="source\sceneX.h">
      <Filter>scene</Filter>
    </ClInclude>
    <ClInclude Include="source\scene3D.h">
      <Filter>scene</Filter>
    </ClInclude>
    <ClInclude Include="source\scene2D.h">
      <Filter>scene</Filter>
    </ClInclude>
    <ClInclude Include="source\scene.h">
      <Filter>scene</Filter>
    </ClInclude>
    <ClInclude Include="source\ImGui\imstb_truetype.h">
      <Filter>ImGui</Filter>
    </ClInclude>
    <ClInclude Include="source\ImGui\imstb_textedit.h">
      <Filter>ImGui</Filter>
    </ClInclude>
    <ClInclude Include="source\ImGui\imstb_rectpack.h">
      <Filter>ImGui</Filter>
    </ClInclude>
    <ClInclude Include="source\ImGui\imgui_internal.h">
      <Filter>ImGui</Filter>
    </ClInclude>
    <ClInclude Include="source\ImGui\imgui_impl_win32.h">
      <Filter>ImGui</Filter>
    </ClInclude>
    <ClInclude Include="source\ImGui\imgui_impl_dx9.h">
      <Filter>ImGui</Filter>
    </ClInclude>
    <ClInclude Include="source\ImGui\imgui.h">
      <Filter>ImGui</Filter>
    </ClInclude>
    <ClInclude Include="source\ImGui\imconfig.h">
      <Filter>ImGui</Filter>
    </ClInclude>
    <ClInclude Include="source\input.h">
      <Filter>input</Filter>
    </ClInclude>
    <ClInclude Include="source\inputGamepad.h">
      <Filter>input</Filter>
    </ClInclude>
    <ClInclude Include="source\inputKeyboard.h">
      <Filter>input</Filter>
    </ClInclude>
    <ClInclude Include="source\character.h">
      <Filter>character</Filter>
    </ClInclude>
    <ClInclude Include="source\charaKURURU.h">
      <Filter>character</Filter>
    </ClInclude>
    <ClInclude Include="source\charaNYAS.h">
      <Filter>character</Filter>
    </ClInclude>
    <ClInclude Include="source\charaZAVAEL.h">
      <Filter>character</Filter>
    </ClInclude>
    <ClInclude Include="source\modelCharacter.h">
      <Filter>character</Filter>
    </ClInclude>
    <ClInclude Include="source\modelParts.h">
      <Filter>character</Filter>
    </ClInclude>
    <ClInclude Include="source\game.h">
      <Filter>mode</Filter>
    </ClInclude>
    <ClInclude Include="source\title.h">
      <Filter>mode</Filter>
    </ClInclude>
    <ClInclude Include="source\tutorial.h">
      <Filter>mode</Filter>
    </ClInclude>
    <ClInclude Include="source\meshField.h">
      <Filter>mesh</Filter>
    </ClInclude>
    <ClInclude Include="source\meshSphere.h">
      <Filter>mesh</Filter>
    </ClInclude>
    <ClInclude Include="source\mouse.h">
      <Filter>input</Filter>
    </ClInclude>
    <ClInclude Include="source\3DBoxCollider.h">
      <Filter>ヘッダーファイル</Filter>
    </ClInclude>
    <ClInclude Include="source\bar.h">
      <Filter>ヘッダーファイル</Filter>
    </ClInclude>
    <ClInclude Include="source\camera.h">
      <Filter>ヘッダーファイル</Filter>
    </ClInclude>
    <ClInclude Include="source\CylinderCollider.h">
      <Filter>ヘッダーファイル</Filter>
    </ClInclude>
    <ClInclude Include="source\debugProc.h">
      <Filter>ヘッダーファイル</Filter>
    </ClInclude>
    <ClInclude Include="source\fade.h">
      <Filter>ヘッダーファイル</Filter>
    </ClInclude>
    <ClInclude Include="source\hitpoint.h">
      <Filter>ヘッダーファイル</Filter>
    </ClInclude>
    <ClInclude Include="source\kananlibrary.h">
      <Filter>ヘッダーファイル</Filter>
    </ClInclude>
    <ClInclude Include="source\light.h">
      <Filter>ヘッダーファイル</Filter>
    </ClInclude>
    <ClInclude Include="source\main.h">
      <Filter>ヘッダーファイル</Filter>
    </ClInclude>
    <ClInclude Include="source\manager.h">
      <Filter>ヘッダーファイル</Filter>
    </ClInclude>
    <ClInclude Include="source\motion.h">
      <Filter>ヘッダーファイル</Filter>
    </ClInclude>
    <ClInclude Include="source\motionModel.h">
      <Filter>ヘッダーファイル</Filter>
    </ClInclude>
    <ClInclude Include="source\Mylibrary.h">
      <Filter>ヘッダーファイル</Filter>
    </ClInclude>
    <ClInclude Include="source\number.h">
      <Filter>ヘッダーファイル</Filter>
    </ClInclude>
    <ClInclude Include="source\pause.h">
      <Filter>ヘッダーファイル</Filter>
    </ClInclude>
    <ClInclude Include="source\player.h">
      <Filter>ヘッダーファイル</Filter>
    </ClInclude>
    <ClInclude Include="source\Reflection.h">
      <Filter>ヘッダーファイル</Filter>
    </ClInclude>
    <ClInclude Include="source\renderer.h">
      <Filter>ヘッダーファイル</Filter>
    </ClInclude>
    <ClInclude Include="source\sound.h">
      <Filter>ヘッダーファイル</Filter>
    </ClInclude>
    <ClInclude Include="source\stone.h">
      <Filter>ヘッダーファイル</Filter>
    </ClInclude>
    <ClInclude Include="source\time.h">
      <Filter>ヘッダーファイル</Filter>
    </ClInclude>
    <ClInclude Include="source\UI.h">
      <Filter>ヘッダーファイル</Filter>
    </ClInclude>
    <ClInclude Include="source\wall.h">
      <Filter>ヘッダーファイル</Filter>
    </ClInclude>
    <ClInclude Include="source\objManager.h">
      <Filter>object</Filter>
    </ClInclude>
    <ClInclude Include="source\object.h">
      <Filter>object</Filter>
    </ClInclude>
    <ClInclude Include="source\PolygonCollider.h">
      <Filter>ヘッダーファイル</Filter>
    </ClInclude>
    <ClInclude Include="source\result.h">
      <Filter>mode</Filter>
    </ClInclude>
    <ClInclude Include="source\UI_KO.h">
      <Filter>ヘッダーファイル</Filter>
    </ClInclude>
    <ClInclude Include="source\polygon2D.h">
      <Filter>ヘッダーファイル</Filter>
    </ClInclude>
    <ClInclude Include="source\UI_gameStart.h">
      <Filter>ヘッダーファイル</Filter>
    </ClInclude>
    <ClInclude Include="source\UI_gameResult.h" />
    <ClInclude Include="source\charaParam.h">
      <Filter>character</Filter>
    </ClInclude>
    <ClInclude Include="source\CapsuleCollider.h" />
    <ClInclude Include="source\mapSelect.h">
      <Filter>mode</Filter>
    </ClInclude>
    <ClInclude Include="source\3DEffect.h" />
  </ItemGroup>
  <ItemGroup>
    <Filter Include="scene">
      <UniqueIdentifier>{2ca2483c-5e2c-407c-99a1-0e4eaded91ca}</UniqueIdentifier>
    </Filter>
    <Filter Include="ImGui">
      <UniqueIdentifier>{84e841fe-e29c-4453-b8b9-9ae8fa4e5228}</UniqueIdentifier>
    </Filter>
    <Filter Include="input">
      <UniqueIdentifier>{64aeaf39-1e0d-450f-be05-98389d8cc4fd}</UniqueIdentifier>
    </Filter>
    <Filter Include="character">
      <UniqueIdentifier>{7f818ef5-9383-44cf-bca7-4a52f377b2db}</UniqueIdentifier>
    </Filter>
    <Filter Include="mode">
      <UniqueIdentifier>{ee07f509-a109-4c0a-93e6-0f8db4635c03}</UniqueIdentifier>
    </Filter>
    <Filter Include="mesh">
      <UniqueIdentifier>{7d9e29cc-cee4-45e7-8d99-499b743ac2a8}</UniqueIdentifier>
    </Filter>
    <Filter Include="ソースファイル">
      <UniqueIdentifier>{0f1a2a5f-f718-4dab-b6b3-ae04e6a78475}</UniqueIdentifier>
    </Filter>
    <Filter Include="ヘッダーファイル">
      <UniqueIdentifier>{24163b61-51e0-4214-8d77-e3dbf8b1b361}</UniqueIdentifier>
    </Filter>
    <Filter Include="object">
      <UniqueIdentifier>{fb8f93b0-20e5-4ed3-a2c3-80fd99b7871e}</UniqueIdentifier>
    </Filter>
  </ItemGroup>
  <ItemGroup>
    <None Include="source\mylibrary.inl">
      <Filter>ヘッダーファイル</Filter>
    </None>
  </ItemGroup>
</Project>