<?xml version="1.0" encoding="utf-8"?>
<Project ToolsVersion="4.0" xmlns="http://schemas.microsoft.com/developer/msbuild/2003">
  <ItemGroup>
    <ClCompile Include="source\ImGui\imgui.cpp">
      <Filter>ImGui</Filter>
    </ClCompile>
    <ClCompile Include="source\ImGui\imgui_demo.cpp">
      <Filter>ImGui</Filter>
    </ClCompile>
    <ClCompile Include="source\ImGui\imgui_draw.cpp">
      <Filter>ImGui</Filter>
    </ClCompile>
    <ClCompile Include="source\ImGui\imgui_widgets.cpp">
      <Filter>ImGui</Filter>
    </ClCompile>
    <ClCompile Include="source\ImGui\imgui_impl_win32.cpp">
      <Filter>ImGui</Filter>
    </ClCompile>
    <ClCompile Include="source\ImGui\imgui_impl_dx9.cpp">
      <Filter>ImGui</Filter>
    </ClCompile>
    <ClCompile Include="source\input.cpp">
      <Filter>input</Filter>
    </ClCompile>
    <ClCompile Include="source\inputGamepad.cpp">
      <Filter>input</Filter>
    </ClCompile>
    <ClCompile Include="source\inputKeyboard.cpp">
      <Filter>input</Filter>
    </ClCompile>
    <ClCompile Include="source\sceneX.cpp">
      <Filter>scene</Filter>
    </ClCompile>
    <ClCompile Include="source\scene3D.cpp">
      <Filter>scene</Filter>
    </ClCompile>
    <ClCompile Include="source\scene2D.cpp">
      <Filter>scene</Filter>
    </ClCompile>
    <ClCompile Include="source\scene.cpp">
      <Filter>scene</Filter>
    </ClCompile>
    <ClCompile Include="source\mouse.cpp">
      <Filter>input</Filter>
    </ClCompile>
    <ClCompile Include="source\camera.cpp">
      <Filter>ソースファイル</Filter>
    </ClCompile>
    <ClCompile Include="source\character.cpp">
      <Filter>ソースファイル</Filter>
    </ClCompile>
    <ClCompile Include="source\charaICHIYAS.cpp">
      <Filter>ソースファイル</Filter>
    </ClCompile>
    <ClCompile Include="source\charaKURURU.cpp">
      <Filter>ソースファイル</Filter>
    </ClCompile>
    <ClCompile Include="source\charaNYAS.cpp">
      <Filter>ソースファイル</Filter>
    </ClCompile>
    <ClCompile Include="source\charaZAVAEL.cpp">
      <Filter>ソースファイル</Filter>
    </ClCompile>
    <ClCompile Include="source\debugProc.cpp">
      <Filter>ソースファイル</Filter>
    </ClCompile>
    <ClCompile Include="source\fade.cpp">
      <Filter>ソースファイル</Filter>
    </ClCompile>
    <ClCompile Include="source\game.cpp">
      <Filter>ソースファイル</Filter>
    </ClCompile>
    <ClCompile Include="source\kananlibrary.cpp">
      <Filter>ソースファイル</Filter>
    </ClCompile>
    <ClCompile Include="source\main.cpp">
      <Filter>ソースファイル</Filter>
    </ClCompile>
    <ClCompile Include="source\light.cpp">
      <Filter>ソースファイル</Filter>
    </ClCompile>
    <ClCompile Include="source\manager.cpp">
      <Filter>ソースファイル</Filter>
    </ClCompile>
    <ClCompile Include="source\meshField.cpp">
      <Filter>ソースファイル</Filter>
    </ClCompile>
    <ClCompile Include="source\meshSphere.cpp">
      <Filter>ソースファイル</Filter>
    </ClCompile>
    <ClCompile Include="source\modelCharacter.cpp">
      <Filter>ソースファイル</Filter>
    </ClCompile>
    <ClCompile Include="source\modelParts.cpp">
      <Filter>ソースファイル</Filter>
    </ClCompile>
    <ClCompile Include="source\motion.cpp">
      <Filter>ソースファイル</Filter>
    </ClCompile>
    <ClCompile Include="source\motionModel.cpp">
      <Filter>ソースファイル</Filter>
    </ClCompile>
    <ClCompile Include="source\number.cpp">
      <Filter>ソースファイル</Filter>
    </ClCompile>
    <ClCompile Include="source\object.cpp">
      <Filter>ソースファイル</Filter>
    </ClCompile>
    <ClCompile Include="source\objManager.cpp">
      <Filter>ソースファイル</Filter>
    </ClCompile>
    <ClCompile Include="source\pause.cpp">
      <Filter>ソースファイル</Filter>
    </ClCompile>
    <ClCompile Include="source\player.cpp">
      <Filter>ソースファイル</Filter>
    </ClCompile>
    <ClCompile Include="source\ranking.cpp">
      <Filter>ソースファイル</Filter>
    </ClCompile>
    <ClCompile Include="source\renderer.cpp">
      <Filter>ソースファイル</Filter>
    </ClCompile>
    <ClCompile Include="source\sound.cpp">
      <Filter>ソースファイル</Filter>
    </ClCompile>
    <ClCompile Include="source\title.cpp">
      <Filter>ソースファイル</Filter>
    </ClCompile>
    <ClCompile Include="source\tutorial.cpp">
      <Filter>ソースファイル</Filter>
    </ClCompile>
    <ClCompile Include="source\UI.cpp">
      <Filter>ソースファイル</Filter>
    </ClCompile>
    <ClCompile Include="source\Mylibrary.cpp">
      <Filter>ソースファイル</Filter>
    </ClCompile>
    <ClCompile Include="source\stone.cpp">
      <Filter>ソースファイル</Filter>
    </ClCompile>
    <ClCompile Include="source\3DBoxCollider.cpp">
      <Filter>ソースファイル</Filter>
    </ClCompile>
    <ClCompile Include="source\bar.cpp">
      <Filter>ソースファイル</Filter>
    </ClCompile>
    <ClCompile Include="source\hitpoint.cpp">
      <Filter>ソースファイル</Filter>
    </ClCompile>
    <ClCompile Include="source\CylinderCollider.cpp">
      <Filter>ソースファイル</Filter>
    </ClCompile>
    <ClCompile Include="source\Reflection.cpp">
      <Filter>ソースファイル</Filter>
    </ClCompile>
    <ClCompile Include="source\wall.cpp">
      <Filter>ソースファイル</Filter>
    </ClCompile>
  </ItemGroup>
  <ItemGroup>
    <ClInclude Include="source\ImGui\imgui.h">
      <Filter>ImGui</Filter>
    </ClInclude>
    <ClInclude Include="source\ImGui\imconfig.h">
      <Filter>ImGui</Filter>
    </ClInclude>
    <ClInclude Include="source\ImGui\imstb_truetype.h">
      <Filter>ImGui</Filter>
    </ClInclude>
    <ClInclude Include="source\ImGui\imstb_textedit.h">
      <Filter>ImGui</Filter>
    </ClInclude>
    <ClInclude Include="source\ImGui\imstb_rectpack.h">
      <Filter>ImGui</Filter>
    </ClInclude>
    <ClInclude Include="source\ImGui\imgui_internal.h">
      <Filter>ImGui</Filter>
    </ClInclude>
    <ClInclude Include="source\ImGui\imgui_impl_win32.h">
      <Filter>ImGui</Filter>
    </ClInclude>
    <ClInclude Include="source\ImGui\imgui_impl_dx9.h">
      <Filter>ImGui</Filter>
    </ClInclude>
    <ClInclude Include="source\input.h">
      <Filter>input</Filter>
    </ClInclude>
    <ClInclude Include="source\inputGamepad.h">
      <Filter>input</Filter>
    </ClInclude>
    <ClInclude Include="source\inputKeyboard.h">
      <Filter>input</Filter>
    </ClInclude>
    <ClInclude Include="source\sceneX.h">
      <Filter>scene</Filter>
    </ClInclude>
    <ClInclude Include="source\scene3D.h">
      <Filter>scene</Filter>
    </ClInclude>
    <ClInclude Include="source\scene2D.h">
      <Filter>scene</Filter>
    </ClInclude>
    <ClInclude Include="source\scene.h">
      <Filter>scene</Filter>
    </ClInclude>
    <ClInclude Include="source\mouse.h">
      <Filter>input</Filter>
    </ClInclude>
    <ClInclude Include="source\camera.h">
      <Filter>ヘッダーファイル</Filter>
    </ClInclude>
    <ClInclude Include="source\character.h">
      <Filter>ヘッダーファイル</Filter>
    </ClInclude>
    <ClInclude Include="source\charaICHIYAS.h">
      <Filter>ヘッダーファイル</Filter>
    </ClInclude>
    <ClInclude Include="source\charaKURURU.h">
      <Filter>ヘッダーファイル</Filter>
    </ClInclude>
    <ClInclude Include="source\charaNYAS.h">
      <Filter>ヘッダーファイル</Filter>
    </ClInclude>
    <ClInclude Include="source\charaZAVAEL.h">
      <Filter>ヘッダーファイル</Filter>
    </ClInclude>
    <ClInclude Include="source\debugProc.h">
      <Filter>ヘッダーファイル</Filter>
    </ClInclude>
    <ClInclude Include="source\fade.h">
      <Filter>ヘッダーファイル</Filter>
    </ClInclude>
    <ClInclude Include="source\game.h">
      <Filter>ヘッダーファイル</Filter>
    </ClInclude>
    <ClInclude Include="source\kananlibrary.h">
      <Filter>ヘッダーファイル</Filter>
    </ClInclude>
    <ClInclude Include="source\light.h">
      <Filter>ヘッダーファイル</Filter>
    </ClInclude>
    <ClInclude Include="source\main.h">
      <Filter>ヘッダーファイル</Filter>
    </ClInclude>
    <ClInclude Include="source\manager.h">
      <Filter>ヘッダーファイル</Filter>
    </ClInclude>
    <ClInclude Include="source\meshField.h">
      <Filter>ヘッダーファイル</Filter>
    </ClInclude>
    <ClInclude Include="source\meshSphere.h">
      <Filter>ヘッダーファイル</Filter>
    </ClInclude>
    <ClInclude Include="source\modelCharacter.h">
      <Filter>ヘッダーファイル</Filter>
    </ClInclude>
    <ClInclude Include="source\modelParts.h">
      <Filter>ヘッダーファイル</Filter>
    </ClInclude>
    <ClInclude Include="source\motion.h">
      <Filter>ヘッダーファイル</Filter>
    </ClInclude>
    <ClInclude Include="source\motionModel.h">
      <Filter>ヘッダーファイル</Filter>
    </ClInclude>
    <ClInclude Include="source\number.h">
      <Filter>ヘッダーファイル</Filter>
    </ClInclude>
    <ClInclude Include="source\object.h">
      <Filter>ヘッダーファイル</Filter>
    </ClInclude>
    <ClInclude Include="source\objManager.h">
      <Filter>ヘッダーファイル</Filter>
    </ClInclude>
    <ClInclude Include="source\pause.h">
      <Filter>ヘッダーファイル</Filter>
    </ClInclude>
    <ClInclude Include="source\player.h">
      <Filter>ヘッダーファイル</Filter>
    </ClInclude>
    <ClInclude Include="source\ranking.h">
      <Filter>ヘッダーファイル</Filter>
    </ClInclude>
    <ClInclude Include="source\renderer.h">
      <Filter>ヘッダーファイル</Filter>
    </ClInclude>
    <ClInclude Include="source\sound.h">
      <Filter>ヘッダーファイル</Filter>
    </ClInclude>
    <ClInclude Include="source\title.h">
      <Filter>ヘッダーファイル</Filter>
    </ClInclude>
    <ClInclude Include="source\tutorial.h">
      <Filter>ヘッダーファイル</Filter>
    </ClInclude>
    <ClInclude Include="source\UI.h">
      <Filter>ヘッダーファイル</Filter>
    </ClInclude>
    <ClInclude Include="source\stone.h">
      <Filter>ヘッダーファイル</Filter>
    </ClInclude>
    <ClInclude Include="source\Mylibrary.h">
      <Filter>ヘッダーファイル</Filter>
    </ClInclude>
    <ClInclude Include="source\3DBoxCollider.h">
      <Filter>ヘッダーファイル</Filter>
    </ClInclude>
    <ClInclude Include="source\bar.h">
      <Filter>ヘッダーファイル</Filter>
    </ClInclude>
    <ClInclude Include="source\hitpoint.h">
      <Filter>ヘッダーファイル</Filter>
    </ClInclude>
    <ClInclude Include="source\CylinderCollider.h">
      <Filter>ヘッダーファイル</Filter>
    </ClInclude>
    <ClInclude Include="source\Reflection.h">
      <Filter>ヘッダーファイル</Filter>
    </ClInclude>
    <ClInclude Include="source\wall.h">
      <Filter>ヘッダーファイル</Filter>
    </ClInclude>
  </ItemGroup>
  <ItemGroup>
    <Filter Include="ImGui">
      <UniqueIdentifier>{a7794e7d-a9ef-4348-a3ae-74d33e154335}</UniqueIdentifier>
    </Filter>
    <Filter Include="input">
      <UniqueIdentifier>{66cba57f-7bbe-4aeb-9f43-c81e286c4ac4}</UniqueIdentifier>
    </Filter>
    <Filter Include="scene">
      <UniqueIdentifier>{fae1eb8d-ce69-446b-b049-699ffb3f0635}</UniqueIdentifier>
    </Filter>
    <Filter Include="ソースファイル">
      <UniqueIdentifier>{6759c4d6-805f-40ce-85b6-da1002ebb30d}</UniqueIdentifier>
    </Filter>
    <Filter Include="ヘッダーファイル">
      <UniqueIdentifier>{5f1fc8d3-9b4b-48ec-a030-91f37bc4df42}</UniqueIdentifier>
    </Filter>
  </ItemGroup>
  <ItemGroup>
    <None Include="source\mylibrary.inl" />
  </ItemGroup>
</Project>