<?xml version="1.0" encoding="utf-8"?>
<Project ToolsVersion="4.0" xmlns="http://schemas.microsoft.com/developer/msbuild/2003">
  <ItemGroup>
    <ClCompile Include="source\ImGui\imgui_widgets.cpp">
      <Filter>ImGui</Filter>
    </ClCompile>
    <ClCompile Include="source\ImGui\imgui_impl_win32.cpp">
      <Filter>ImGui</Filter>
    </ClCompile>
    <ClCompile Include="source\ImGui\imgui_impl_dx9.cpp">
      <Filter>ImGui</Filter>
    </ClCompile>
    <ClCompile Include="source\ImGui\imgui_draw.cpp">
      <Filter>ImGui</Filter>
    </ClCompile>
    <ClCompile Include="source\ImGui\imgui_demo.cpp">
      <Filter>ImGui</Filter>
    </ClCompile>
    <ClCompile Include="source\ImGui\imgui.cpp">
      <Filter>ImGui</Filter>
    </ClCompile>
    <ClCompile Include="source\camera.cpp">
      <Filter>ソースファイル</Filter>
    </ClCompile>
    <ClCompile Include="source\character.cpp">
      <Filter>ソースファイル</Filter>
    </ClCompile>
    <ClCompile Include="source\character(1).cpp">
      <Filter>ソースファイル</Filter>
    </ClCompile>
    <ClCompile Include="source\charaICHIYAS.cpp">
      <Filter>ソースファイル</Filter>
    </ClCompile>
    <ClCompile Include="source\charaKURURU.cpp">
      <Filter>ソースファイル</Filter>
    </ClCompile>
    <ClCompile Include="source\charaNYAS.cpp">
      <Filter>ソースファイル</Filter>
    </ClCompile>
    <ClCompile Include="source\charaZAVAEL.cpp">
      <Filter>ソースファイル</Filter>
    </ClCompile>
    <ClCompile Include="source\debugProc.cpp">
      <Filter>ソースファイル</Filter>
    </ClCompile>
    <ClCompile Include="source\fade.cpp">
      <Filter>ソースファイル</Filter>
    </ClCompile>
    <ClCompile Include="source\game.cpp">
      <Filter>ソースファイル</Filter>
    </ClCompile>
    <ClCompile Include="source\kananlibrary.cpp">
      <Filter>ソースファイル</Filter>
    </ClCompile>
    <ClCompile Include="source\light.cpp">
      <Filter>ソースファイル</Filter>
    </ClCompile>
    <ClCompile Include="source\main.cpp">
      <Filter>ソースファイル</Filter>
    </ClCompile>
    <ClCompile Include="source\manager.cpp">
      <Filter>ソースファイル</Filter>
    </ClCompile>
    <ClCompile Include="source\meshField.cpp">
      <Filter>ソースファイル</Filter>
    </ClCompile>
    <ClCompile Include="source\meshSphere.cpp">
      <Filter>ソースファイル</Filter>
    </ClCompile>
    <ClCompile Include="source\modelCharacter.cpp">
      <Filter>ソースファイル</Filter>
    </ClCompile>
    <ClCompile Include="source\modelParts.cpp">
      <Filter>ソースファイル</Filter>
    </ClCompile>
    <ClCompile Include="source\motion.cpp">
      <Filter>ソースファイル</Filter>
    </ClCompile>
    <ClCompile Include="source\motionModel.cpp">
      <Filter>ソースファイル</Filter>
    </ClCompile>
    <ClCompile Include="source\number.cpp">
      <Filter>ソースファイル</Filter>
    </ClCompile>
    <ClCompile Include="source\object.cpp">
      <Filter>ソースファイル</Filter>
    </ClCompile>
    <ClCompile Include="source\objManager.cpp">
      <Filter>ソースファイル</Filter>
    </ClCompile>
    <ClCompile Include="source\pause.cpp">
      <Filter>ソースファイル</Filter>
    </ClCompile>
    <ClCompile Include="source\player.cpp">
      <Filter>ソースファイル</Filter>
    </ClCompile>
    <ClCompile Include="source\ranking.cpp">
      <Filter>ソースファイル</Filter>
    </ClCompile>
    <ClCompile Include="source\renderer.cpp">
      <Filter>ソースファイル</Filter>
    </ClCompile>
    <ClCompile Include="source\scene.cpp">
      <Filter>ソースファイル</Filter>
    </ClCompile>
    <ClCompile Include="source\scene2D.cpp">
      <Filter>ソースファイル</Filter>
    </ClCompile>
    <ClCompile Include="source\scene3D.cpp">
      <Filter>ソースファイル</Filter>
    </ClCompile>
    <ClCompile Include="source\sceneX.cpp">
      <Filter>ソースファイル</Filter>
    </ClCompile>
    <ClCompile Include="source\sound.cpp">
      <Filter>ソースファイル</Filter>
    </ClCompile>
    <ClCompile Include="source\title.cpp">
      <Filter>ソースファイル</Filter>
    </ClCompile>
    <ClCompile Include="source\tutorial.cpp">
      <Filter>ソースファイル</Filter>
    </ClCompile>
    <ClCompile Include="source\input.cpp">
      <Filter>input</Filter>
    </ClCompile>
    <ClCompile Include="source\inputGamepad.cpp">
      <Filter>input</Filter>
    </ClCompile>
    <ClCompile Include="source\inputKeyboard.cpp">
      <Filter>input</Filter>
    </ClCompile>
    <ClCompile Include="source\mouse.cpp">
      <Filter>input</Filter>
    </ClCompile>
    <ClCompile Include="source\UI.cpp">
      <Filter>ソースファイル</Filter>
    </ClCompile>
  </ItemGroup>
  <ItemGroup>
    <ClInclude Include="source\ImGui\imstb_truetype.h">
      <Filter>ImGui</Filter>
    </ClInclude>
    <ClInclude Include="source\ImGui\imstb_textedit.h">
      <Filter>ImGui</Filter>
    </ClInclude>
    <ClInclude Include="source\ImGui\imstb_rectpack.h">
      <Filter>ImGui</Filter>
    </ClInclude>
    <ClInclude Include="source\ImGui\imgui_internal.h">
      <Filter>ImGui</Filter>
    </ClInclude>
    <ClInclude Include="source\ImGui\imgui_impl_win32.h">
      <Filter>ImGui</Filter>
    </ClInclude>
    <ClInclude Include="source\ImGui\imgui_impl_dx9.h">
      <Filter>ImGui</Filter>
    </ClInclude>
    <ClInclude Include="source\ImGui\imgui.h">
      <Filter>ImGui</Filter>
    </ClInclude>
    <ClInclude Include="source\ImGui\imconfig.h">
      <Filter>ImGui</Filter>
    </ClInclude>
    <ClInclude Include="source\game.h">
      <Filter>ヘッダーファイル</Filter>
    </ClInclude>
    <ClInclude Include="source\fade.h">
      <Filter>ヘッダーファイル</Filter>
    </ClInclude>
    <ClInclude Include="source\kananlibrary.h">
      <Filter>ヘッダーファイル</Filter>
    </ClInclude>
    <ClInclude Include="source\light.h">
      <Filter>ヘッダーファイル</Filter>
    </ClInclude>
    <ClInclude Include="source\main.h">
      <Filter>ヘッダーファイル</Filter>
    </ClInclude>
    <ClInclude Include="source\manager.h">
      <Filter>ヘッダーファイル</Filter>
    </ClInclude>
    <ClInclude Include="source\meshField.h">
      <Filter>ヘッダーファイル</Filter>
    </ClInclude>
    <ClInclude Include="source\meshSphere.h">
      <Filter>ヘッダーファイル</Filter>
    </ClInclude>
    <ClInclude Include="source\modelCharacter.h">
      <Filter>ヘッダーファイル</Filter>
    </ClInclude>
    <ClInclude Include="source\modelParts.h">
      <Filter>ヘッダーファイル</Filter>
    </ClInclude>
    <ClInclude Include="source\motion.h">
      <Filter>ヘッダーファイル</Filter>
    </ClInclude>
    <ClInclude Include="source\motionModel.h">
      <Filter>ヘッダーファイル</Filter>
    </ClInclude>
    <ClInclude Include="source\number.h">
      <Filter>ヘッダーファイル</Filter>
    </ClInclude>
    <ClInclude Include="source\object.h">
      <Filter>ヘッダーファイル</Filter>
    </ClInclude>
    <ClInclude Include="source\objManager.h">
      <Filter>ヘッダーファイル</Filter>
    </ClInclude>
    <ClInclude Include="source\pause.h">
      <Filter>ヘッダーファイル</Filter>
    </ClInclude>
    <ClInclude Include="source\player.h">
      <Filter>ヘッダーファイル</Filter>
    </ClInclude>
    <ClInclude Include="source\ranking.h">
      <Filter>ヘッダーファイル</Filter>
    </ClInclude>
    <ClInclude Include="source\renderer.h">
      <Filter>ヘッダーファイル</Filter>
    </ClInclude>
    <ClInclude Include="source\scene.h">
      <Filter>ヘッダーファイル</Filter>
    </ClInclude>
    <ClInclude Include="source\scene2D.h">
      <Filter>ヘッダーファイル</Filter>
    </ClInclude>
    <ClInclude Include="source\scene3D.h">
      <Filter>ヘッダーファイル</Filter>
    </ClInclude>
    <ClInclude Include="source\sceneX.h">
      <Filter>ヘッダーファイル</Filter>
    </ClInclude>
    <ClInclude Include="source\sound.h">
      <Filter>ヘッダーファイル</Filter>
    </ClInclude>
    <ClInclude Include="source\title.h">
      <Filter>ヘッダーファイル</Filter>
    </ClInclude>
    <ClInclude Include="source\tutorial.h">
      <Filter>ヘッダーファイル</Filter>
    </ClInclude>
    <ClInclude Include="source\debugProc.h">
      <Filter>ヘッダーファイル</Filter>
    </ClInclude>
    <ClInclude Include="source\charaZAVAEL.h">
      <Filter>ヘッダーファイル</Filter>
    </ClInclude>
    <ClInclude Include="source\charaKURURU.h">
      <Filter>ヘッダーファイル</Filter>
    </ClInclude>
    <ClInclude Include="source\charaNYAS.h">
      <Filter>ヘッダーファイル</Filter>
    </ClInclude>
    <ClInclude Include="source\charaICHIYAS.h">
      <Filter>ヘッダーファイル</Filter>
    </ClInclude>
    <ClInclude Include="source\character.h">
      <Filter>ヘッダーファイル</Filter>
    </ClInclude>
    <ClInclude Include="source\character(1).h">
      <Filter>ヘッダーファイル</Filter>
    </ClInclude>
    <ClInclude Include="source\camera.h">
      <Filter>ヘッダーファイル</Filter>
    </ClInclude>
    <ClInclude Include="source\input.h">
      <Filter>input</Filter>
    </ClInclude>
    <ClInclude Include="source\inputGamepad.h">
      <Filter>input</Filter>
    </ClInclude>
    <ClInclude Include="source\inputKeyboard.h">
      <Filter>input</Filter>
    </ClInclude>
    <ClInclude Include="source\mouse.h">
      <Filter>input</Filter>
    </ClInclude>
    <ClInclude Include="source\UI.h">
      <Filter>ヘッダーファイル</Filter>
    </ClInclude>
  </ItemGroup>
  <ItemGroup>
    <Filter Include="ImGui">
      <UniqueIdentifier>{58b6541c-c5c8-4701-a710-94544ddfded7}</UniqueIdentifier>
    </Filter>
    <Filter Include="ソースファイル">
      <UniqueIdentifier>{b6ad13a3-2874-43e1-853c-cc27e36d52cb}</UniqueIdentifier>
    </Filter>
    <Filter Include="ヘッダーファイル">
      <UniqueIdentifier>{19f8dd4d-db6b-4054-8b3b-218ab16fbed4}</UniqueIdentifier>
    </Filter>
    <Filter Include="input">
      <UniqueIdentifier>{1323d40d-5d4c-48ee-bef1-f41263826be0}</UniqueIdentifier>
    </Filter>
  </ItemGroup>
</Project>